
Microsoft Visual Studio Solution File, Format Version 12.00
# Visual Studio 15
VisualStudioVersion = 15.0.27130.2010
MinimumVisualStudioVersion = 10.0.40219.1
Project("{FAE04EC0-301F-11D3-BF4B-00C04F79EFBC}") = "Exercises_Lecture55", "Exercises_Lecture55\Exercises_Lecture55.csproj", "{ACE62B07-65B4-4CD6-8629-ABCA36158736}"
EndProject
Global
	GlobalSection(SolutionConfigurationPlatforms) = preSolution
		Debug|Any CPU = Debug|Any CPU
		Release|Any CPU = Release|Any CPU
	EndGlobalSection
	GlobalSection(ProjectConfigurationPlatforms) = postSolution
		{ACE62B07-65B4-4CD6-8629-ABCA36158736}.Debug|Any CPU.ActiveCfg = Debug|Any CPU
		{ACE62B07-65B4-4CD6-8629-ABCA36158736}.Debug|Any CPU.Build.0 = Debug|Any CPU
		{ACE62B07-65B4-4CD6-8629-ABCA36158736}.Release|Any CPU.ActiveCfg = Release|Any CPU
		{ACE62B07-65B4-4CD6-8629-ABCA36158736}.Release|Any CPU.Build.0 = Release|Any CPU
	EndGlobalSection
	GlobalSection(SolutionProperties) = preSolution
		HideSolutionNode = FALSE
	EndGlobalSection
	GlobalSection(ExtensibilityGlobals) = postSolution
		SolutionGuid = {1175C73D-759A-4156-ADDA-267629D78238}
	EndGlobalSection
EndGlobal
